
Microsoft Visual Studio Solution File, Format Version 12.00
# Visual Studio Version 16
VisualStudioVersion = 16.0.30717.126
MinimumVisualStudioVersion = 10.0.40219.1
Project("{2150E333-8FDC-42A3-9474-1A3956D46DE8}") = "Source", "Source", "{8BF73877-E9DC-4EAC-9DF9-6FDC8598F71F}"
EndProject
Project("{2150E333-8FDC-42A3-9474-1A3956D46DE8}") = "WebApi", "WebApi", "{090320F4-C15C-4490-B7F1-B31BF8BC6D18}"
EndProject
Project("{9A19103F-16F7-4668-BE54-9A1E7A4F7556}") = "TeamApp.WebApi", "TeamApp\TeamApp.WebApi\TeamApp.WebApi.csproj", "{2DB9AA7B-1DBC-4A60-A20F-90BA7732378F}"
EndProject
Project("{2150E333-8FDC-42A3-9474-1A3956D46DE8}") = "Core", "Core", "{C70795AE-45B9-4A8A-8CEE-5127A1A12107}"
EndProject
Project("{9A19103F-16F7-4668-BE54-9A1E7A4F7556}") = "TeamApp.Application", "TeamApp\TeamApp.Application\TeamApp.Application.csproj", "{18D255B4-F185-4B91-8F97-A6A12D456F28}"
EndProject
Project("{9A19103F-16F7-4668-BE54-9A1E7A4F7556}") = "TeamApp.Domain", "TeamApp\TeamApp.Domain\TeamApp.Domain.csproj", "{C7FFACD9-4B75-4A4C-9AEF-0E1030E4EF9E}"
EndProject
Project("{2150E333-8FDC-42A3-9474-1A3956D46DE8}") = "Infrastructure", "Infrastructure", "{DDDFD11C-5043-4C2C-9BD7-0B7B87DF5A2B}"
EndProject
Project("{9A19103F-16F7-4668-BE54-9A1E7A4F7556}") = "TeamApp.Infrastructure.Persistence", "TeamApp\TeamApp.Infrastructure.Persistence\TeamApp.Infrastructure.Persistence.csproj", "{1C0A9475-7EBA-498E-A148-1A7219F4176A}"
EndProject
Project("{9A19103F-16F7-4668-BE54-9A1E7A4F7556}") = "TeamApp.Infrastructure.Shared", "TeamApp\TeamApp.Infrastructure.Shared\TeamApp.Infrastructure.Shared.csproj", "{5DB556DE-37A3-4BD0-8D9C-144BDB6F34B9}"
EndProject
Global
	GlobalSection(SolutionConfigurationPlatforms) = preSolution
		Debug|Any CPU = Debug|Any CPU
		Release|Any CPU = Release|Any CPU
	EndGlobalSection
	GlobalSection(ProjectConfigurationPlatforms) = postSolution
		{2DB9AA7B-1DBC-4A60-A20F-90BA7732378F}.Debug|Any CPU.ActiveCfg = Debug|Any CPU
		{2DB9AA7B-1DBC-4A60-A20F-90BA7732378F}.Debug|Any CPU.Build.0 = Debug|Any CPU
		{2DB9AA7B-1DBC-4A60-A20F-90BA7732378F}.Release|Any CPU.ActiveCfg = Release|Any CPU
		{2DB9AA7B-1DBC-4A60-A20F-90BA7732378F}.Release|Any CPU.Build.0 = Release|Any CPU
		{18D255B4-F185-4B91-8F97-A6A12D456F28}.Debug|Any CPU.ActiveCfg = Debug|Any CPU
		{18D255B4-F185-4B91-8F97-A6A12D456F28}.Debug|Any CPU.Build.0 = Debug|Any CPU
		{18D255B4-F185-4B91-8F97-A6A12D456F28}.Release|Any CPU.ActiveCfg = Release|Any CPU
		{18D255B4-F185-4B91-8F97-A6A12D456F28}.Release|Any CPU.Build.0 = Release|Any CPU
		{C7FFACD9-4B75-4A4C-9AEF-0E1030E4EF9E}.Debug|Any CPU.ActiveCfg = Debug|Any CPU
		{C7FFACD9-4B75-4A4C-9AEF-0E1030E4EF9E}.Debug|Any CPU.Build.0 = Debug|Any CPU
		{C7FFACD9-4B75-4A4C-9AEF-0E1030E4EF9E}.Release|Any CPU.ActiveCfg = Release|Any CPU
		{C7FFACD9-4B75-4A4C-9AEF-0E1030E4EF9E}.Release|Any CPU.Build.0 = Release|Any CPU
		{1C0A9475-7EBA-498E-A148-1A7219F4176A}.Debug|Any CPU.ActiveCfg = Debug|Any CPU
		{1C0A9475-7EBA-498E-A148-1A7219F4176A}.Debug|Any CPU.Build.0 = Debug|Any CPU
		{1C0A9475-7EBA-498E-A148-1A7219F4176A}.Release|Any CPU.ActiveCfg = Release|Any CPU
		{1C0A9475-7EBA-498E-A148-1A7219F4176A}.Release|Any CPU.Build.0 = Release|Any CPU
		{5DB556DE-37A3-4BD0-8D9C-144BDB6F34B9}.Debug|Any CPU.ActiveCfg = Debug|Any CPU
		{5DB556DE-37A3-4BD0-8D9C-144BDB6F34B9}.Debug|Any CPU.Build.0 = Debug|Any CPU
		{5DB556DE-37A3-4BD0-8D9C-144BDB6F34B9}.Release|Any CPU.ActiveCfg = Release|Any CPU
		{5DB556DE-37A3-4BD0-8D9C-144BDB6F34B9}.Release|Any CPU.Build.0 = Release|Any CPU
	EndGlobalSection
	GlobalSection(SolutionProperties) = preSolution
		HideSolutionNode = FALSE
	EndGlobalSection
	GlobalSection(NestedProjects) = preSolution
		{090320F4-C15C-4490-B7F1-B31BF8BC6D18} = {8BF73877-E9DC-4EAC-9DF9-6FDC8598F71F}
		{2DB9AA7B-1DBC-4A60-A20F-90BA7732378F} = {090320F4-C15C-4490-B7F1-B31BF8BC6D18}
		{C70795AE-45B9-4A8A-8CEE-5127A1A12107} = {8BF73877-E9DC-4EAC-9DF9-6FDC8598F71F}
		{18D255B4-F185-4B91-8F97-A6A12D456F28} = {C70795AE-45B9-4A8A-8CEE-5127A1A12107}
		{C7FFACD9-4B75-4A4C-9AEF-0E1030E4EF9E} = {C70795AE-45B9-4A8A-8CEE-5127A1A12107}
		{DDDFD11C-5043-4C2C-9BD7-0B7B87DF5A2B} = {8BF73877-E9DC-4EAC-9DF9-6FDC8598F71F}
		{1C0A9475-7EBA-498E-A148-1A7219F4176A} = {DDDFD11C-5043-4C2C-9BD7-0B7B87DF5A2B}
		{5DB556DE-37A3-4BD0-8D9C-144BDB6F34B9} = {DDDFD11C-5043-4C2C-9BD7-0B7B87DF5A2B}
	EndGlobalSection
	GlobalSection(ExtensibilityGlobals) = postSolution
		SolutionGuid = {A45EAF9E-D43E-42AB-82FA-167BCA0712E6}
	EndGlobalSection
EndGlobal
